{
  "requires": true,
  "lockfileVersion": 1,
  "dependencies": {
    "chartjs-plugin-piechart-outlabels": {
      "version": "0.1.4",
      "resolved": "https://registry.npmjs.org/chartjs-plugin-piechart-outlabels/-/chartjs-plugin-piechart-outlabels-0.1.4.tgz",
      "integrity": "sha1-6X4ZoSIC10+QQNnkZBmHydHkWPw="
    }
  }
}
